// !$*UTF8*$!
{
	archiveVersion = 1;
	classes = {
	};
	objectVersion = 56;
	objects = {

/* Begin PBXBuildFile section */
		5B48FE7C2BF5E628007DD3C7 /* BrewdiaryApp.swift in Sources */ = {isa = PBXBuildFile; fileRef = 5B48FE7B2BF5E628007DD3C7 /* BrewdiaryApp.swift */; };
		5B48FE7E2BF5E628007DD3C7 /* ContentView.swift in Sources */ = {isa = PBXBuildFile; fileRef = 5B48FE7D2BF5E628007DD3C7 /* ContentView.swift */; };
		5B48FE802BF5E62A007DD3C7 /* Assets.xcassets in Resources */ = {isa = PBXBuildFile; fileRef = 5B48FE7F2BF5E62A007DD3C7 /* Assets.xcassets */; };
		5B48FE842BF5E62A007DD3C7 /* Preview Assets.xcassets in Resources */ = {isa = PBXBuildFile; fileRef = 5B48FE832BF5E62A007DD3C7 /* Preview Assets.xcassets */; };
		5B48FE8E2BF5E62A007DD3C7 /* BrewdiaryTests.swift in Sources */ = {isa = PBXBuildFile; fileRef = 5B48FE8D2BF5E62A007DD3C7 /* BrewdiaryTests.swift */; };
		5B48FE982BF5E62A007DD3C7 /* BrewdiaryUITests.swift in Sources */ = {isa = PBXBuildFile; fileRef = 5B48FE972BF5E62A007DD3C7 /* BrewdiaryUITests.swift */; };
		5B48FE9A2BF5E62A007DD3C7 /* BrewdiaryUITestsLaunchTests.swift in Sources */ = {isa = PBXBuildFile; fileRef = 5B48FE992BF5E62A007DD3C7 /* BrewdiaryUITestsLaunchTests.swift */; };
/* End PBXBuildFile section */

/* Begin PBXContainerItemProxy section */
		5B48FE8A2BF5E62A007DD3C7 /* PBXContainerItemProxy */ = {
			isa = PBXContainerItemProxy;
			containerPortal = 5B48FE702BF5E628007DD3C7 /* Project object */;
			proxyType = 1;
			remoteGlobalIDString = 5B48FE772BF5E628007DD3C7;
			remoteInfo = Brewdiary;
		};
		5B48FE942BF5E62A007DD3C7 /* PBXContainerItemProxy */ = {
			isa = PBXContainerItemProxy;
			containerPortal = 5B48FE702BF5E628007DD3C7 /* Project object */;
			proxyType = 1;
			remoteGlobalIDString = 5B48FE772BF5E628007DD3C7;
			remoteInfo = Brewdiary;
		};
/* End PBXContainerItemProxy section */

/* Begin PBXFileReference section */
		5B48FE782BF5E628007DD3C7 /* Brewdiary.app */ = {isa = PBXFileReference; explicitFileType = wrapper.application; includeInIndex = 0; path = Brewdiary.app; sourceTree = BUILT_PRODUCTS_DIR; };
		5B48FE7B2BF5E628007DD3C7 /* BrewdiaryApp.swift */ = {isa = PBXFileReference; lastKnownFileType = sourcecode.swift; path = BrewdiaryApp.swift; sourceTree = "<group>"; };
		5B48FE7D2BF5E628007DD3C7 /* ContentView.swift */ = {isa = PBXFileReference; lastKnownFileType = sourcecode.swift; path = ContentView.swift; sourceTree = "<group>"; };
		5B48FE7F2BF5E62A007DD3C7 /* Assets.xcassets */ = {isa = PBXFileReference; lastKnownFileType = folder.assetcatalog; path = Assets.xcassets; sourceTree = "<group>"; };
		5B48FE812BF5E62A007DD3C7 /* Brewdiary.entitlements */ = {isa = PBXFileReference; lastKnownFileType = text.plist.entitlements; path = Brewdiary.entitlements; sourceTree = "<group>"; };
		5B48FE832BF5E62A007DD3C7 /* Preview Assets.xcassets */ = {isa = PBXFileReference; lastKnownFileType = folder.assetcatalog; path = "Preview Assets.xcassets"; sourceTree = "<group>"; };
		5B48FE892BF5E62A007DD3C7 /* BrewdiaryTests.xctest */ = {isa = PBXFileReference; explicitFileType = wrapper.cfbundle; includeInIndex = 0; path = BrewdiaryTests.xctest; sourceTree = BUILT_PRODUCTS_DIR; };
		5B48FE8D2BF5E62A007DD3C7 /* BrewdiaryTests.swift */ = {isa = PBXFileReference; lastKnownFileType = sourcecode.swift; path = BrewdiaryTests.swift; sourceTree = "<group>"; };
		5B48FE932BF5E62A007DD3C7 /* BrewdiaryUITests.xctest */ = {isa = PBXFileReference; explicitFileType = wrapper.cfbundle; includeInIndex = 0; path = BrewdiaryUITests.xctest; sourceTree = BUILT_PRODUCTS_DIR; };
		5B48FE972BF5E62A007DD3C7 /* BrewdiaryUITests.swift */ = {isa = PBXFileReference; lastKnownFileType = sourcecode.swift; path = BrewdiaryUITests.swift; sourceTree = "<group>"; };
		5B48FE992BF5E62A007DD3C7 /* BrewdiaryUITestsLaunchTests.swift */ = {isa = PBXFileReference; lastKnownFileType = sourcecode.swift; path = BrewdiaryUITestsLaunchTests.swift; sourceTree = "<group>"; };
/* End PBXFileReference section */

/* Begin PBXFrameworksBuildPhase section */
		5B48FE752BF5E628007DD3C7 /* Frameworks */ = {
			isa = PBXFrameworksBuildPhase;
			buildActionMask = 2147483647;
			files = (
			);
			runOnlyForDeploymentPostprocessing = 0;
		};
		5B48FE862BF5E62A007DD3C7 /* Frameworks */ = {
			isa = PBXFrameworksBuildPhase;
			buildActionMask = 2147483647;
			files = (
			);
			runOnlyForDeploymentPostprocessing = 0;
		};
		5B48FE902BF5E62A007DD3C7 /* Frameworks */ = {
			isa = PBXFrameworksBuildPhase;
			buildActionMask = 2147483647;
			files = (
			);
			runOnlyForDeploymentPostprocessing = 0;
		};
/* End PBXFrameworksBuildPhase section */

/* Begin PBXGroup section */
		5B48FE6F2BF5E628007DD3C7 = {
			isa = PBXGroup;
			children = (
				5B48FE7A2BF5E628007DD3C7 /* Brewdiary */,
				5B48FE8C2BF5E62A007DD3C7 /* BrewdiaryTests */,
				5B48FE962BF5E62A007DD3C7 /* BrewdiaryUITests */,
				5B48FE792BF5E628007DD3C7 /* Products */,
			);
			sourceTree = "<group>";
		};
		5B48FE792BF5E628007DD3C7 /* Products */ = {
			isa = PBXGroup;
			children = (
				5B48FE782BF5E628007DD3C7 /* Brewdiary.app */,
				5B48FE892BF5E62A007DD3C7 /* BrewdiaryTests.xctest */,
				5B48FE932BF5E62A007DD3C7 /* BrewdiaryUITests.xctest */,
			);
			name = Products;
			sourceTree = "<group>";
		};
		5B48FE7A2BF5E628007DD3C7 /* Brewdiary */ = {
			isa = PBXGroup;
			children = (
				5B48FE7B2BF5E628007DD3C7 /* BrewdiaryApp.swift */,
				5B48FE7D2BF5E628007DD3C7 /* ContentView.swift */,
				5B48FE7F2BF5E62A007DD3C7 /* Assets.xcassets */,
				5B48FE812BF5E62A007DD3C7 /* Brewdiary.entitlements */,
				5B48FE822BF5E62A007DD3C7 /* Preview Content */,
			);
			path = Brewdiary;
			sourceTree = "<group>";
		};
		5B48FE822BF5E62A007DD3C7 /* Preview Content */ = {
			isa = PBXGroup;
			children = (
				5B48FE832BF5E62A007DD3C7 /* Preview Assets.xcassets */,
			);
			path = "Preview Content";
			sourceTree = "<group>";
		};
		5B48FE8C2BF5E62A007DD3C7 /* BrewdiaryTests */ = {
			isa = PBXGroup;
			children = (
				5B48FE8D2BF5E62A007DD3C7 /* BrewdiaryTests.swift */,
			);
			path = BrewdiaryTests;
			sourceTree = "<group>";
		};
		5B48FE962BF5E62A007DD3C7 /* BrewdiaryUITests */ = {
			isa = PBXGroup;
			children = (
				5B48FE972BF5E62A007DD3C7 /* BrewdiaryUITests.swift */,
				5B48FE992BF5E62A007DD3C7 /* BrewdiaryUITestsLaunchTests.swift */,
			);
			path = BrewdiaryUITests;
			sourceTree = "<group>";
		};
/* End PBXGroup section */

/* Begin PBXNativeTarget section */
		5B48FE772BF5E628007DD3C7 /* Brewdiary */ = {
			isa = PBXNativeTarget;
			buildConfigurationList = 5B48FE9D2BF5E62A007DD3C7 /* Build configuration list for PBXNativeTarget "Brewdiary" */;
			buildPhases = (
				5B48FE742BF5E628007DD3C7 /* Sources */,
				5B48FE752BF5E628007DD3C7 /* Frameworks */,
				5B48FE762BF5E628007DD3C7 /* Resources */,
			);
			buildRules = (
			);
			dependencies = (
			);
			name = Brewdiary;
			productName = Brewdiary;
			productReference = 5B48FE782BF5E628007DD3C7 /* Brewdiary.app */;
			productType = "com.apple.product-type.application";
		};
		5B48FE882BF5E62A007DD3C7 /* BrewdiaryTests */ = {
			isa = PBXNativeTarget;
			buildConfigurationList = 5B48FEA02BF5E62A007DD3C7 /* Build configuration list for PBXNativeTarget "BrewdiaryTests" */;
			buildPhases = (
				5B48FE852BF5E62A007DD3C7 /* Sources */,
				5B48FE862BF5E62A007DD3C7 /* Frameworks */,
				5B48FE872BF5E62A007DD3C7 /* Resources */,
			);
			buildRules = (
			);
			dependencies = (
				5B48FE8B2BF5E62A007DD3C7 /* PBXTargetDependency */,
			);
			name = BrewdiaryTests;
			productName = BrewdiaryTests;
			productReference = 5B48FE892BF5E62A007DD3C7 /* BrewdiaryTests.xctest */;
			productType = "com.apple.product-type.bundle.unit-test";
		};
		5B48FE922BF5E62A007DD3C7 /* BrewdiaryUITests */ = {
			isa = PBXNativeTarget;
			buildConfigurationList = 5B48FEA32BF5E62A007DD3C7 /* Build configuration list for PBXNativeTarget "BrewdiaryUITests" */;
			buildPhases = (
				5B48FE8F2BF5E62A007DD3C7 /* Sources */,
				5B48FE902BF5E62A007DD3C7 /* Frameworks */,
				5B48FE912BF5E62A007DD3C7 /* Resources */,
			);
			buildRules = (
			);
			dependencies = (
				5B48FE952BF5E62A007DD3C7 /* PBXTargetDependency */,
			);
			name = BrewdiaryUITests;
			productName = BrewdiaryUITests;
			productReference = 5B48FE932BF5E62A007DD3C7 /* BrewdiaryUITests.xctest */;
			productType = "com.apple.product-type.bundle.ui-testing";
		};
/* End PBXNativeTarget section */

/* Begin PBXProject section */
		5B48FE702BF5E628007DD3C7 /* Project object */ = {
			isa = PBXProject;
			attributes = {
				BuildIndependentTargetsInParallel = 1;
				LastSwiftUpdateCheck = 1540;
				LastUpgradeCheck = 1540;
				TargetAttributes = {
					5B48FE772BF5E628007DD3C7 = {
						CreatedOnToolsVersion = 15.4;
					};
					5B48FE882BF5E62A007DD3C7 = {
						CreatedOnToolsVersion = 15.4;
						TestTargetID = 5B48FE772BF5E628007DD3C7;
					};
					5B48FE922BF5E62A007DD3C7 = {
						CreatedOnToolsVersion = 15.4;
						TestTargetID = 5B48FE772BF5E628007DD3C7;
					};
				};
			};
			buildConfigurationList = 5B48FE732BF5E628007DD3C7 /* Build configuration list for PBXProject "Brewdiary" */;
			compatibilityVersion = "Xcode 14.0";
			developmentRegion = en;
			hasScannedForEncodings = 0;
			knownRegions = (
				en,
				Base,
			);
			mainGroup = 5B48FE6F2BF5E628007DD3C7;
			productRefGroup = 5B48FE792BF5E628007DD3C7 /* Products */;
			projectDirPath = "";
			projectRoot = "";
			targets = (
				5B48FE772BF5E628007DD3C7 /* Brewdiary */,
				5B48FE882BF5E62A007DD3C7 /* BrewdiaryTests */,
				5B48FE922BF5E62A007DD3C7 /* BrewdiaryUITests */,
			);
		};
/* End PBXProject section */

/* Begin PBXResourcesBuildPhase section */
		5B48FE762BF5E628007DD3C7 /* Resources */ = {
			isa = PBXResourcesBuildPhase;
			buildActionMask = 2147483647;
			files = (
				5B48FE842BF5E62A007DD3C7 /* Preview Assets.xcassets in Resources */,
				5B48FE802BF5E62A007DD3C7 /* Assets.xcassets in Resources */,
			);
			runOnlyForDeploymentPostprocessing = 0;
		};
		5B48FE872BF5E62A007DD3C7 /* Resources */ = {
			isa = PBXResourcesBuildPhase;
			buildActionMask = 2147483647;
			files = (
			);
			runOnlyForDeploymentPostprocessing = 0;
		};
		5B48FE912BF5E62A007DD3C7 /* Resources */ = {
			isa = PBXResourcesBuildPhase;
			buildActionMask = 2147483647;
			files = (
			);
			runOnlyForDeploymentPostprocessing = 0;
		};
/* End PBXResourcesBuildPhase section */

/* Begin PBXSourcesBuildPhase section */
		5B48FE742BF5E628007DD3C7 /* Sources */ = {
			isa = PBXSourcesBuildPhase;
			buildActionMask = 2147483647;
			files = (
				5B48FE7E2BF5E628007DD3C7 /* ContentView.swift in Sources */,
				5B48FE7C2BF5E628007DD3C7 /* BrewdiaryApp.swift in Sources */,
			);
			runOnlyForDeploymentPostprocessing = 0;
		};
		5B48FE852BF5E62A007DD3C7 /* Sources */ = {
			isa = PBXSourcesBuildPhase;
			buildActionMask = 2147483647;
			files = (
				5B48FE8E2BF5E62A007DD3C7 /* BrewdiaryTests.swift in Sources */,
			);
			runOnlyForDeploymentPostprocessing = 0;
		};
		5B48FE8F2BF5E62A007DD3C7 /* Sources */ = {
			isa = PBXSourcesBuildPhase;
			buildActionMask = 2147483647;
			files = (
				5B48FE9A2BF5E62A007DD3C7 /* BrewdiaryUITestsLaunchTests.swift in Sources */,
				5B48FE982BF5E62A007DD3C7 /* BrewdiaryUITests.swift in Sources */,
			);
			runOnlyForDeploymentPostprocessing = 0;
		};
/* End PBXSourcesBuildPhase section */

/* Begin PBXTargetDependency section */
		5B48FE8B2BF5E62A007DD3C7 /* PBXTargetDependency */ = {
			isa = PBXTargetDependency;
			target = 5B48FE772BF5E628007DD3C7 /* Brewdiary */;
			targetProxy = 5B48FE8A2BF5E62A007DD3C7 /* PBXContainerItemProxy */;
		};
		5B48FE952BF5E62A007DD3C7 /* PBXTargetDependency */ = {
			isa = PBXTargetDependency;
			target = 5B48FE772BF5E628007DD3C7 /* Brewdiary */;
			targetProxy = 5B48FE942BF5E62A007DD3C7 /* PBXContainerItemProxy */;
		};
/* End PBXTargetDependency section */

/* Begin XCBuildConfiguration section */
		5B48FE9B2BF5E62A007DD3C7 /* Debug */ = {
			isa = XCBuildConfiguration;
			buildSettings = {
				ALWAYS_SEARCH_USER_PATHS = NO;
				ASSETCATALOG_COMPILER_GENERATE_SWIFT_ASSET_SYMBOL_EXTENSIONS = YES;
				CLANG_ANALYZER_NONNULL = YES;
				CLANG_ANALYZER_NUMBER_OBJECT_CONVERSION = YES_AGGRESSIVE;
				CLANG_CXX_LANGUAGE_STANDARD = "gnu++20";
				CLANG_ENABLE_MODULES = YES;
				CLANG_ENABLE_OBJC_ARC = YES;
				CLANG_ENABLE_OBJC_WEAK = YES;
				CLANG_WARN_BLOCK_CAPTURE_AUTORELEASING = YES;
				CLANG_WARN_BOOL_CONVERSION = YES;
				CLANG_WARN_COMMA = YES;
				CLANG_WARN_CONSTANT_CONVERSION = YES;
				CLANG_WARN_DEPRECATED_OBJC_IMPLEMENTATIONS = YES;
				CLANG_WARN_DIRECT_OBJC_ISA_USAGE = YES_ERROR;
				CLANG_WARN_DOCUMENTATION_COMMENTS = YES;
				CLANG_WARN_EMPTY_BODY = YES;
				CLANG_WARN_ENUM_CONVERSION = YES;
				CLANG_WARN_INFINITE_RECURSION = YES;
				CLANG_WARN_INT_CONVERSION = YES;
				CLANG_WARN_NON_LITERAL_NULL_CONVERSION = YES;
				CLANG_WARN_OBJC_IMPLICIT_RETAIN_SELF = YES;
				CLANG_WARN_OBJC_LITERAL_CONVERSION = YES;
				CLANG_WARN_OBJC_ROOT_CLASS = YES_ERROR;
				CLANG_WARN_QUOTED_INCLUDE_IN_FRAMEWORK_HEADER = YES;
				CLANG_WARN_RANGE_LOOP_ANALYSIS = YES;
				CLANG_WARN_STRICT_PROTOTYPES = YES;
				CLANG_WARN_SUSPICIOUS_MOVE = YES;
				CLANG_WARN_UNGUARDED_AVAILABILITY = YES_AGGRESSIVE;
				CLANG_WARN_UNREACHABLE_CODE = YES;
				CLANG_WARN__DUPLICATE_METHOD_MATCH = YES;
				COPY_PHASE_STRIP = NO;
				DEBUG_INFORMATION_FORMAT = dwarf;
				ENABLE_STRICT_OBJC_MSGSEND = YES;
				ENABLE_TESTABILITY = YES;
				ENABLE_USER_SCRIPT_SANDBOXING = YES;
				GCC_C_LANGUAGE_STANDARD = gnu17;
				GCC_DYNAMIC_NO_PIC = NO;
				GCC_NO_COMMON_BLOCKS = YES;
				GCC_OPTIMIZATION_LEVEL = 0;
				GCC_PREPROCESSOR_DEFINITIONS = (
					"DEBUG=1",
					"$(inherited)",
				);
				GCC_WARN_64_TO_32_BIT_CONVERSION = YES;
				GCC_WARN_ABOUT_RETURN_TYPE = YES_ERROR;
				GCC_WARN_UNDECLARED_SELECTOR = YES;
				GCC_WARN_UNINITIALIZED_AUTOS = YES_AGGRESSIVE;
				GCC_WARN_UNUSED_FUNCTION = YES;
				GCC_WARN_UNUSED_VARIABLE = YES;
				LOCALIZATION_PREFERS_STRING_CATALOGS = YES;
				MTL_ENABLE_DEBUG_INFO = INCLUDE_SOURCE;
				MTL_FAST_MATH = YES;
				ONLY_ACTIVE_ARCH = YES;
				SWIFT_ACTIVE_COMPILATION_CONDITIONS = "DEBUG $(inherited)";
				SWIFT_OPTIMIZATION_LEVEL = "-Onone";
			};
			name = Debug;
		};
		5B48FE9C2BF5E62A007DD3C7 /* Release */ = {
			isa = XCBuildConfiguration;
			buildSettings = {
				ALWAYS_SEARCH_USER_PATHS = NO;
				ASSETCATALOG_COMPILER_GENERATE_SWIFT_ASSET_SYMBOL_EXTENSIONS = YES;
				CLANG_ANALYZER_NONNULL = YES;
				CLANG_ANALYZER_NUMBER_OBJECT_CONVERSION = YES_AGGRESSIVE;
				CLANG_CXX_LANGUAGE_STANDARD = "gnu++20";
				CLANG_ENABLE_MODULES = YES;
				CLANG_ENABLE_OBJC_ARC = YES;
				CLANG_ENABLE_OBJC_WEAK = YES;
				CLANG_WARN_BLOCK_CAPTURE_AUTORELEASING = YES;
				CLANG_WARN_BOOL_CONVERSION = YES;
				CLANG_WARN_COMMA = YES;
				CLANG_WARN_CONSTANT_CONVERSION = YES;
				CLANG_WARN_DEPRECATED_OBJC_IMPLEMENTATIONS = YES;
				CLANG_WARN_DIRECT_OBJC_ISA_USAGE = YES_ERROR;
				CLANG_WARN_DOCUMENTATION_COMMENTS = YES;
				CLANG_WARN_EMPTY_BODY = YES;
				CLANG_WARN_ENUM_CONVERSION = YES;
				CLANG_WARN_INFINITE_RECURSION = YES;
				CLANG_WARN_INT_CONVERSION = YES;
				CLANG_WARN_NON_LITERAL_NULL_CONVERSION = YES;
				CLANG_WARN_OBJC_IMPLICIT_RETAIN_SELF = YES;
				CLANG_WARN_OBJC_LITERAL_CONVERSION = YES;
				CLANG_WARN_OBJC_ROOT_CLASS = YES_ERROR;
				CLANG_WARN_QUOTED_INCLUDE_IN_FRAMEWORK_HEADER = YES;
				CLANG_WARN_RANGE_LOOP_ANALYSIS = YES;
				CLANG_WARN_STRICT_PROTOTYPES = YES;
				CLANG_WARN_SUSPICIOUS_MOVE = YES;
				CLANG_WARN_UNGUARDED_AVAILABILITY = YES_AGGRESSIVE;
				CLANG_WARN_UNREACHABLE_CODE = YES;
				CLANG_WARN__DUPLICATE_METHOD_MATCH = YES;
				COPY_PHASE_STRIP = NO;
				DEBUG_INFORMATION_FORMAT = "dwarf-with-dsym";
				ENABLE_NS_ASSERTIONS = NO;
				ENABLE_STRICT_OBJC_MSGSEND = YES;
				ENABLE_USER_SCRIPT_SANDBOXING = YES;
				GCC_C_LANGUAGE_STANDARD = gnu17;
				GCC_NO_COMMON_BLOCKS = YES;
				GCC_WARN_64_TO_32_BIT_CONVERSION = YES;
				GCC_WARN_ABOUT_RETURN_TYPE = YES_ERROR;
				GCC_WARN_UNDECLARED_SELECTOR = YES;
				GCC_WARN_UNINITIALIZED_AUTOS = YES_AGGRESSIVE;
				GCC_WARN_UNUSED_FUNCTION = YES;
				GCC_WARN_UNUSED_VARIABLE = YES;
				LOCALIZATION_PREFERS_STRING_CATALOGS = YES;
				MTL_ENABLE_DEBUG_INFO = NO;
				MTL_FAST_MATH = YES;
				SWIFT_COMPILATION_MODE = wholemodule;
			};
			name = Release;
		};
		5B48FE9E2BF5E62A007DD3C7 /* Debug */ = {
			isa = XCBuildConfiguration;
			buildSettings = {
				ASSETCATALOG_COMPILER_APPICON_NAME = AppIcon;
				ASSETCATALOG_COMPILER_GLOBAL_ACCENT_COLOR_NAME = AccentColor;
				CODE_SIGN_ENTITLEMENTS = Brewdiary/Brewdiary.entitlements;
				CODE_SIGN_STYLE = Automatic;
				CURRENT_PROJECT_VERSION = 1;
				DEVELOPMENT_ASSET_PATHS = "\"Brewdiary/Preview Content\"";
				ENABLE_PREVIEWS = YES;
				GENERATE_INFOPLIST_FILE = YES;
				"INFOPLIST_KEY_UIApplicationSceneManifest_Generation[sdk=iphoneos*]" = YES;
				"INFOPLIST_KEY_UIApplicationSceneManifest_Generation[sdk=iphonesimulator*]" = YES;
				"INFOPLIST_KEY_UIApplicationSupportsIndirectInputEvents[sdk=iphoneos*]" = YES;
				"INFOPLIST_KEY_UIApplicationSupportsIndirectInputEvents[sdk=iphonesimulator*]" = YES;
				"INFOPLIST_KEY_UILaunchScreen_Generation[sdk=iphoneos*]" = YES;
				"INFOPLIST_KEY_UILaunchScreen_Generation[sdk=iphonesimulator*]" = YES;
				"INFOPLIST_KEY_UIStatusBarStyle[sdk=iphoneos*]" = UIStatusBarStyleDefault;
				"INFOPLIST_KEY_UIStatusBarStyle[sdk=iphonesimulator*]" = UIStatusBarStyleDefault;
				INFOPLIST_KEY_UISupportedInterfaceOrientations_iPad = "UIInterfaceOrientationPortrait UIInterfaceOrientationPortraitUpsideDown UIInterfaceOrientationLandscapeLeft UIInterfaceOrientationLandscapeRight";
				INFOPLIST_KEY_UISupportedInterfaceOrientations_iPhone = "UIInterfaceOrientationPortrait UIInterfaceOrientationLandscapeLeft UIInterfaceOrientationLandscapeRight";
				IPHONEOS_DEPLOYMENT_TARGET = 17.5;
				LD_RUNPATH_SEARCH_PATHS = "@executable_path/Frameworks";
				"LD_RUNPATH_SEARCH_PATHS[sdk=macosx*]" = "@executable_path/../Frameworks";
				MACOSX_DEPLOYMENT_TARGET = 14.1;
				MARKETING_VERSION = 1.0;
				PRODUCT_BUNDLE_IDENTIFIER = "Davies-Luo.Brewdiary";
				PRODUCT_NAME = "$(TARGET_NAME)";
				SDKROOT = auto;
				SUPPORTED_PLATFORMS = "iphoneos iphonesimulator macosx";
				SWIFT_EMIT_LOC_STRINGS = YES;
				SWIFT_VERSION = 5.0;
				TARGETED_DEVICE_FAMILY = "1,2";
			};
			name = Debug;
		};
		5B48FE9F2BF5E62A007DD3C7 /* Release */ = {
			isa = XCBuildConfiguration;
			buildSettings = {
				ASSETCATALOG_COMPILER_APPICON_NAME = AppIcon;
				ASSETCATALOG_COMPILER_GLOBAL_ACCENT_COLOR_NAME = AccentColor;
				CODE_SIGN_ENTITLEMENTS = Brewdiary/Brewdiary.entitlements;
				CODE_SIGN_STYLE = Automatic;
				CURRENT_PROJECT_VERSION = 1;
				DEVELOPMENT_ASSET_PATHS = "\"Brewdiary/Preview Content\"";
				ENABLE_PREVIEWS = YES;
				GENERATE_INFOPLIST_FILE = YES;
				"INFOPLIST_KEY_UIApplicationSceneManifest_Generation[sdk=iphoneos*]" = YES;
				"INFOPLIST_KEY_UIApplicationSceneManifest_Generation[sdk=iphonesimulator*]" = YES;
				"INFOPLIST_KEY_UIApplicationSupportsIndirectInputEvents[sdk=iphoneos*]" = YES;
				"INFOPLIST_KEY_UIApplicationSupportsIndirectInputEvents[sdk=iphonesimulator*]" = YES;
				"INFOPLIST_KEY_UILaunchScreen_Generation[sdk=iphoneos*]" = YES;
				"INFOPLIST_KEY_UILaunchScreen_Generation[sdk=iphonesimulator*]" = YES;
				"INFOPLIST_KEY_UIStatusBarStyle[sdk=iphoneos*]" = UIStatusBarStyleDefault;
				"INFOPLIST_KEY_UIStatusBarStyle[sdk=iphonesimulator*]" = UIStatusBarStyleDefault;
				INFOPLIST_KEY_UISupportedInterfaceOrientations_iPad = "UIInterfaceOrientationPortrait UIInterfaceOrientationPortraitUpsideDown UIInterfaceOrientationLandscapeLeft UIInterfaceOrientationLandscapeRight";
				INFOPLIST_KEY_UISupportedInterfaceOrientations_iPhone = "UIInterfaceOrientationPortrait UIInterfaceOrientationLandscapeLeft UIInterfaceOrientationLandscapeRight";
				IPHONEOS_DEPLOYMENT_TARGET = 17.5;
				LD_RUNPATH_SEARCH_PATHS = "@executable_path/Frameworks";
				"LD_RUNPATH_SEARCH_PATHS[sdk=macosx*]" = "@executable_path/../Frameworks";
				MACOSX_DEPLOYMENT_TARGET = 14.1;
				MARKETING_VERSION = 1.0;
				PRODUCT_BUNDLE_IDENTIFIER = "Davies-Luo.Brewdiary";
				PRODUCT_NAME = "$(TARGET_NAME)";
				SDKROOT = auto;
				SUPPORTED_PLATFORMS = "iphoneos iphonesimulator macosx";
				SWIFT_EMIT_LOC_STRINGS = YES;
				SWIFT_VERSION = 5.0;
				TARGETED_DEVICE_FAMILY = "1,2";
			};
			name = Release;
		};
		5B48FEA12BF5E62A007DD3C7 /* Debug */ = {
			isa = XCBuildConfiguration;
			buildSettings = {
				ALWAYS_EMBED_SWIFT_STANDARD_LIBRARIES = YES;
				BUNDLE_LOADER = "$(TEST_HOST)";
				CODE_SIGN_STYLE = Automatic;
				CURRENT_PROJECT_VERSION = 1;
				GENERATE_INFOPLIST_FILE = YES;
				IPHONEOS_DEPLOYMENT_TARGET = 17.5;
				MACOSX_DEPLOYMENT_TARGET = 14.1;
				MARKETING_VERSION = 1.0;
				PRODUCT_BUNDLE_IDENTIFIER = "Davies-Luo.BrewdiaryTests";
				PRODUCT_NAME = "$(TARGET_NAME)";
				SDKROOT = auto;
				SUPPORTED_PLATFORMS = "iphoneos iphonesimulator macosx";
				SWIFT_EMIT_LOC_STRINGS = NO;
				SWIFT_VERSION = 5.0;
				TARGETED_DEVICE_FAMILY = "1,2";
				TEST_HOST = "$(BUILT_PRODUCTS_DIR)/Brewdiary.app/$(BUNDLE_EXECUTABLE_FOLDER_PATH)/Brewdiary";
			};
			name = Debug;
		};
		5B48FEA22BF5E62A007DD3C7 /* Release */ = {
			isa = XCBuildConfiguration;
			buildSettings = {
				ALWAYS_EMBED_SWIFT_STANDARD_LIBRARIES = YES;
				BUNDLE_LOADER = "$(TEST_HOST)";
				CODE_SIGN_STYLE = Automatic;
				CURRENT_PROJECT_VERSION = 1;
				GENERATE_INFOPLIST_FILE = YES;
				IPHONEOS_DEPLOYMENT_TARGET = 17.5;
				MACOSX_DEPLOYMENT_TARGET = 14.1;
				MARKETING_VERSION = 1.0;
				PRODUCT_BUNDLE_IDENTIFIER = "Davies-Luo.BrewdiaryTests";
				PRODUCT_NAME = "$(TARGET_NAME)";
				SDKROOT = auto;
				SUPPORTED_PLATFORMS = "iphoneos iphonesimulator macosx";
				SWIFT_EMIT_LOC_STRINGS = NO;
				SWIFT_VERSION = 5.0;
				TARGETED_DEVICE_FAMILY = "1,2";
				TEST_HOST = "$(BUILT_PRODUCTS_DIR)/Brewdiary.app/$(BUNDLE_EXECUTABLE_FOLDER_PATH)/Brewdiary";
			};
			name = Release;
		};
		5B48FEA42BF5E62A007DD3C7 /* Debug */ = {
			isa = XCBuildConfiguration;
			buildSettings = {
				ALWAYS_EMBED_SWIFT_STANDARD_LIBRARIES = YES;
				CODE_SIGN_STYLE = Automatic;
				CURRENT_PROJECT_VERSION = 1;
				GENERATE_INFOPLIST_FILE = YES;
				IPHONEOS_DEPLOYMENT_TARGET = 17.5;
				MACOSX_DEPLOYMENT_TARGET = 14.1;
				MARKETING_VERSION = 1.0;
				PRODUCT_BUNDLE_IDENTIFIER = "Davies-Luo.BrewdiaryUITests";
				PRODUCT_NAME = "$(TARGET_NAME)";
				SDKROOT = auto;
				SUPPORTED_PLATFORMS = "iphoneos iphonesimulator macosx";
				SWIFT_EMIT_LOC_STRINGS = NO;
				SWIFT_VERSION = 5.0;
				TARGETED_DEVICE_FAMILY = "1,2";
				TEST_TARGET_NAME = Brewdiary;
			};
			name = Debug;
		};
		5B48FEA52BF5E62A007DD3C7 /* Release */ = {
			isa = XCBuildConfiguration;
			buildSettings = {
				ALWAYS_EMBED_SWIFT_STANDARD_LIBRARIES = YES;
				CODE_SIGN_STYLE = Automatic;
				CURRENT_PROJECT_VERSION = 1;
				GENERATE_INFOPLIST_FILE = YES;
				IPHONEOS_DEPLOYMENT_TARGET = 17.5;
				MACOSX_DEPLOYMENT_TARGET = 14.1;
				MARKETING_VERSION = 1.0;
				PRODUCT_BUNDLE_IDENTIFIER = "Davies-Luo.BrewdiaryUITests";
				PRODUCT_NAME = "$(TARGET_NAME)";
				SDKROOT = auto;
				SUPPORTED_PLATFORMS = "iphoneos iphonesimulator macosx";
				SWIFT_EMIT_LOC_STRINGS = NO;
				SWIFT_VERSION = 5.0;
				TARGETED_DEVICE_FAMILY = "1,2";
				TEST_TARGET_NAME = Brewdiary;
			};
			name = Release;
		};
/* End XCBuildConfiguration section */

/* Begin XCConfigurationList section */
		5B48FE732BF5E628007DD3C7 /* Build configuration list for PBXProject "Brewdiary" */ = {
			isa = XCConfigurationList;
			buildConfigurations = (
				5B48FE9B2BF5E62A007DD3C7 /* Debug */,
				5B48FE9C2BF5E62A007DD3C7 /* Release */,
			);
			defaultConfigurationIsVisible = 0;
			defaultConfigurationName = Release;
		};
		5B48FE9D2BF5E62A007DD3C7 /* Build configuration list for PBXNativeTarget "Brewdiary" */ = {
			isa = XCConfigurationList;
			buildConfigurations = (
				5B48FE9E2BF5E62A007DD3C7 /* Debug */,
				5B48FE9F2BF5E62A007DD3C7 /* Release */,
			);
			defaultConfigurationIsVisible = 0;
			defaultConfigurationName = Release;
		};
		5B48FEA02BF5E62A007DD3C7 /* Build configuration list for PBXNativeTarget "BrewdiaryTests" */ = {
			isa = XCConfigurationList;
			buildConfigurations = (
				5B48FEA12BF5E62A007DD3C7 /* Debug */,
				5B48FEA22BF5E62A007DD3C7 /* Release */,
			);
			defaultConfigurationIsVisible = 0;
			defaultConfigurationName = Release;
		};
		5B48FEA32BF5E62A007DD3C7 /* Build configuration list for PBXNativeTarget "BrewdiaryUITests" */ = {
			isa = XCConfigurationList;
			buildConfigurations = (
				5B48FEA42BF5E62A007DD3C7 /* Debug */,
				5B48FEA52BF5E62A007DD3C7 /* Release */,
			);
			defaultConfigurationIsVisible = 0;
			defaultConfigurationName = Release;
		};
/* End XCConfigurationList section */
	};
	rootObject = 5B48FE702BF5E628007DD3C7 /* Project object */;
}
